// !$*UTF8*$!
{
	archiveVersion = 1;
	classes = {
	};
	objectVersion = 77;
	objects = {

/* Begin PBXBuildFile section */
		66C501612DAA88B100E37788 /* CHAlertVC.swift in Sources */ = {isa = PBXBuildFile; fileRef = 66C5014F2DAA88B100E37788 /* CHAlertVC.swift */; };
		66C501622DAA88B100E37788 /* CHButton.swift in Sources */ = {isa = PBXBuildFile; fileRef = 66C501502DAA88B100E37788 /* CHButton.swift */; };
		66C501632DAA88B100E37788 /* CHLabel.swift in Sources */ = {isa = PBXBuildFile; fileRef = 66C501512DAA88B100E37788 /* CHLabel.swift */; };
		66C501642DAA88B100E37788 /* AppDelegate.swift in Sources */ = {isa = PBXBuildFile; fileRef = 66C501532DAA88B100E37788 /* AppDelegate.swift */; };
		66C501652DAA88B100E37788 /* CHTextField.swift in Sources */ = {isa = PBXBuildFile; fileRef = 66C501552DAA88B100E37788 /* CHTextField.swift */; };
		66C501662DAA88B100E37788 /* extension.swift in Sources */ = {isa = PBXBuildFile; fileRef = 66C501562DAA88B100E37788 /* extension.swift */; };
		66C501672DAA88B100E37788 /* SceneDelegate.swift in Sources */ = {isa = PBXBuildFile; fileRef = 66C5015A2DAA88B100E37788 /* SceneDelegate.swift */; };
		66C501682DAA88B100E37788 /* CHFollowerListVC.swift in Sources */ = {isa = PBXBuildFile; fileRef = 66C5015C2DAA88B100E37788 /* CHFollowerListVC.swift */; };
		66C501692DAA88B100E37788 /* CHSearchVC.swift in Sources */ = {isa = PBXBuildFile; fileRef = 66C5015D2DAA88B100E37788 /* CHSearchVC.swift */; };
		66C5016A2DAA88B100E37788 /* GHFavoritesVC.swift in Sources */ = {isa = PBXBuildFile; fileRef = 66C5015E2DAA88B100E37788 /* GHFavoritesVC.swift */; };
		66C5016B2DAA88B100E37788 /* Assets.xcassets in Resources */ = {isa = PBXBuildFile; fileRef = 66C501542DAA88B100E37788 /* Assets.xcassets */; };
		66C5016D2DAA88B100E37788 /* LaunchScreen.storyboard in Resources */ = {isa = PBXBuildFile; fileRef = 66C501592DAA88B100E37788 /* LaunchScreen.storyboard */; };
		66C501702DAA88C600E37788 /* Follower.swift in Sources */ = {isa = PBXBuildFile; fileRef = 66C5016F2DAA88C600E37788 /* Follower.swift */; };
		66C501722DAA8A6600E37788 /* User.swift in Sources */ = {isa = PBXBuildFile; fileRef = 66C501712DAA8A6600E37788 /* User.swift */; };
/* End PBXBuildFile section */

/* Begin PBXFileReference section */
		669EFA4F2DA9173400A5F622 /* GHFollowers.app */ = {isa = PBXFileReference; explicitFileType = wrapper.application; includeInIndex = 0; path = GHFollowers.app; sourceTree = BUILT_PRODUCTS_DIR; };
		66C5014F2DAA88B100E37788 /* CHAlertVC.swift */ = {isa = PBXFileReference; lastKnownFileType = sourcecode.swift; path = CHAlertVC.swift; sourceTree = "<group>"; };
		66C501502DAA88B100E37788 /* CHButton.swift */ = {isa = PBXFileReference; lastKnownFileType = sourcecode.swift; path = CHButton.swift; sourceTree = "<group>"; };
		66C501512DAA88B100E37788 /* CHLabel.swift */ = {isa = PBXFileReference; lastKnownFileType = sourcecode.swift; path = CHLabel.swift; sourceTree = "<group>"; };
		66C501532DAA88B100E37788 /* AppDelegate.swift */ = {isa = PBXFileReference; lastKnownFileType = sourcecode.swift; path = AppDelegate.swift; sourceTree = "<group>"; };
		66C501542DAA88B100E37788 /* Assets.xcassets */ = {isa = PBXFileReference; lastKnownFileType = folder.assetcatalog; path = Assets.xcassets; sourceTree = "<group>"; };
		66C501552DAA88B100E37788 /* CHTextField.swift */ = {isa = PBXFileReference; lastKnownFileType = sourcecode.swift; path = CHTextField.swift; sourceTree = "<group>"; };
		66C501562DAA88B100E37788 /* extension.swift */ = {isa = PBXFileReference; lastKnownFileType = sourcecode.swift; path = extension.swift; sourceTree = "<group>"; };
		66C501572DAA88B100E37788 /* Info.plist */ = {isa = PBXFileReference; lastKnownFileType = text.plist.xml; path = Info.plist; sourceTree = "<group>"; };
		66C501582DAA88B100E37788 /* Base */ = {isa = PBXFileReference; lastKnownFileType = file.storyboard; name = Base; path = Base.lproj/LaunchScreen.storyboard; sourceTree = "<group>"; };
		66C5015A2DAA88B100E37788 /* SceneDelegate.swift */ = {isa = PBXFileReference; lastKnownFileType = sourcecode.swift; path = SceneDelegate.swift; sourceTree = "<group>"; };
		66C5015C2DAA88B100E37788 /* CHFollowerListVC.swift */ = {isa = PBXFileReference; lastKnownFileType = sourcecode.swift; path = CHFollowerListVC.swift; sourceTree = "<group>"; };
		66C5015D2DAA88B100E37788 /* CHSearchVC.swift */ = {isa = PBXFileReference; lastKnownFileType = sourcecode.swift; path = CHSearchVC.swift; sourceTree = "<group>"; };
		66C5015E2DAA88B100E37788 /* GHFavoritesVC.swift */ = {isa = PBXFileReference; lastKnownFileType = sourcecode.swift; path = GHFavoritesVC.swift; sourceTree = "<group>"; };
		66C5016F2DAA88C600E37788 /* Follower.swift */ = {isa = PBXFileReference; lastKnownFileType = sourcecode.swift; path = Follower.swift; sourceTree = "<group>"; };
		66C501712DAA8A6600E37788 /* User.swift */ = {isa = PBXFileReference; lastKnownFileType = sourcecode.swift; path = User.swift; sourceTree = "<group>"; };
/* End PBXFileReference section */

/* Begin PBXFrameworksBuildPhase section */
		669EFA4C2DA9173400A5F622 /* Frameworks */ = {
			isa = PBXFrameworksBuildPhase;
			buildActionMask = 2147483647;
			files = (
			);
			runOnlyForDeploymentPostprocessing = 0;
		};
/* End PBXFrameworksBuildPhase section */

/* Begin PBXGroup section */
		669EFA462DA9173400A5F622 = {
			isa = PBXGroup;
			children = (
				66C501602DAA88B100E37788 /* GHFollowers */,
				669EFA672DA91BD600A5F622 /* Products */,
				669EFA502DA9173400A5F622 /* Products */,
			);
			sourceTree = "<group>";
		};
		669EFA502DA9173400A5F622 /* Products */ = {
			isa = PBXGroup;
			children = (
				669EFA4F2DA9173400A5F622 /* GHFollowers.app */,
			);
			name = Products;
			sourceTree = "<group>";
		};
		669EFA672DA91BD600A5F622 /* Products */ = {
			isa = PBXGroup;
			children = (
			);
			path = Products;
			sourceTree = "<group>";
		};
		66C501522DAA88B100E37788 /* Custom views */ = {
			isa = PBXGroup;
			children = (
				66C5014F2DAA88B100E37788 /* CHAlertVC.swift */,
				66C501502DAA88B100E37788 /* CHButton.swift */,
				66C501512DAA88B100E37788 /* CHLabel.swift */,
			);
			path = "Custom views";
			sourceTree = "<group>";
		};
		66C5015B2DAA88B100E37788 /* Support */ = {
			isa = PBXGroup;
			children = (
				66C501532DAA88B100E37788 /* AppDelegate.swift */,
				66C501542DAA88B100E37788 /* Assets.xcassets */,
				66C501552DAA88B100E37788 /* CHTextField.swift */,
				66C501562DAA88B100E37788 /* extension.swift */,
				66C501592DAA88B100E37788 /* LaunchScreen.storyboard */,
				66C5015A2DAA88B100E37788 /* SceneDelegate.swift */,
			);
			path = Support;
			sourceTree = "<group>";
		};
		66C5015F2DAA88B100E37788 /* View controllers */ = {
			isa = PBXGroup;
			children = (
				66C5015C2DAA88B100E37788 /* CHFollowerListVC.swift */,
				66C5015D2DAA88B100E37788 /* CHSearchVC.swift */,
				66C5015E2DAA88B100E37788 /* GHFavoritesVC.swift */,
			);
			path = "View controllers";
			sourceTree = "<group>";
		};
		66C501602DAA88B100E37788 /* GHFollowers */ = {
			isa = PBXGroup;
			children = (
				66C5016E2DAA88B900E37788 /* Models */,
				66C5015F2DAA88B100E37788 /* View controllers */,
				66C501522DAA88B100E37788 /* Custom views */,
				66C5015B2DAA88B100E37788 /* Support */,
				66C501572DAA88B100E37788 /* Info.plist */,
			);
			path = GHFollowers;
			sourceTree = "<group>";
		};
		66C5016E2DAA88B900E37788 /* Models */ = {
			isa = PBXGroup;
			children = (
				66C501712DAA8A6600E37788 /* User.swift */,
				66C5016F2DAA88C600E37788 /* Follower.swift */,
			);
			path = Models;
			sourceTree = "<group>";
		};
/* End PBXGroup section */

/* Begin PBXNativeTarget section */
		669EFA4E2DA9173400A5F622 /* GHFollowers */ = {
			isa = PBXNativeTarget;
			buildConfigurationList = 669EFA622DA9173600A5F622 /* Build configuration list for PBXNativeTarget "GHFollowers" */;
			buildPhases = (
				669EFA4B2DA9173400A5F622 /* Sources */,
				669EFA4C2DA9173400A5F622 /* Frameworks */,
				669EFA4D2DA9173400A5F622 /* Resources */,
			);
			buildRules = (
			);
			dependencies = (
			);
			name = GHFollowers;
			packageProductDependencies = (
			);
			productName = GHFollowers;
			productReference = 669EFA4F2DA9173400A5F622 /* GHFollowers.app */;
			productType = "com.apple.product-type.application";
		};
/* End PBXNativeTarget section */

/* Begin PBXProject section */
		669EFA472DA9173400A5F622 /* Project object */ = {
			isa = PBXProject;
			attributes = {
				BuildIndependentTargetsInParallel = 1;
				LastSwiftUpdateCheck = 1620;
				LastUpgradeCheck = 1620;
				TargetAttributes = {
					669EFA4E2DA9173400A5F622 = {
						CreatedOnToolsVersion = 16.2;
					};
				};
			};
			buildConfigurationList = 669EFA4A2DA9173400A5F622 /* Build configuration list for PBXProject "GHFollowers" */;
			developmentRegion = en;
			hasScannedForEncodings = 0;
			knownRegions = (
				en,
				Base,
			);
			mainGroup = 669EFA462DA9173400A5F622;
			minimizedProjectReferenceProxies = 1;
			preferredProjectObjectVersion = 77;
			productRefGroup = 669EFA502DA9173400A5F622 /* Products */;
			projectDirPath = "";
			projectRoot = "";
			targets = (
				669EFA4E2DA9173400A5F622 /* GHFollowers */,
			);
		};
/* End PBXProject section */

/* Begin PBXResourcesBuildPhase section */
		669EFA4D2DA9173400A5F622 /* Resources */ = {
			isa = PBXResourcesBuildPhase;
			buildActionMask = 2147483647;
			files = (
				66C5016B2DAA88B100E37788 /* Assets.xcassets in Resources */,
				66C5016D2DAA88B100E37788 /* LaunchScreen.storyboard in Resources */,
			);
			runOnlyForDeploymentPostprocessing = 0;
		};
/* End PBXResourcesBuildPhase section */

/* Begin PBXSourcesBuildPhase section */
		669EFA4B2DA9173400A5F622 /* Sources */ = {
			isa = PBXSourcesBuildPhase;
			buildActionMask = 2147483647;
			files = (
				66C501612DAA88B100E37788 /* CHAlertVC.swift in Sources */,
				66C501622DAA88B100E37788 /* CHButton.swift in Sources */,
				66C501632DAA88B100E37788 /* CHLabel.swift in Sources */,
				66C501722DAA8A6600E37788 /* User.swift in Sources */,
				66C501642DAA88B100E37788 /* AppDelegate.swift in Sources */,
				66C501652DAA88B100E37788 /* CHTextField.swift in Sources */,
				66C501662DAA88B100E37788 /* extension.swift in Sources */,
				66C501672DAA88B100E37788 /* SceneDelegate.swift in Sources */,
				66C501682DAA88B100E37788 /* CHFollowerListVC.swift in Sources */,
				66C501692DAA88B100E37788 /* CHSearchVC.swift in Sources */,
				66C5016A2DAA88B100E37788 /* GHFavoritesVC.swift in Sources */,
				66C501702DAA88C600E37788 /* Follower.swift in Sources */,
			);
			runOnlyForDeploymentPostprocessing = 0;
		};
/* End PBXSourcesBuildPhase section */

/* Begin PBXVariantGroup section */
		66C501592DAA88B100E37788 /* LaunchScreen.storyboard */ = {
			isa = PBXVariantGroup;
			children = (
				66C501582DAA88B100E37788 /* Base */,
			);
			name = LaunchScreen.storyboard;
			sourceTree = "<group>";
		};
/* End PBXVariantGroup section */

/* Begin XCBuildConfiguration section */
		669EFA632DA9173600A5F622 /* Debug */ = {
			isa = XCBuildConfiguration;
			buildSettings = {
				ASSETCATALOG_COMPILER_APPICON_NAME = AppIcon;
				ASSETCATALOG_COMPILER_GLOBAL_ACCENT_COLOR_NAME = AccentColor;
				CODE_SIGN_STYLE = Automatic;
				CURRENT_PROJECT_VERSION = 1;
				GENERATE_INFOPLIST_FILE = YES;
				INFOPLIST_FILE = GHFollowers/Info.plist;
				INFOPLIST_KEY_UIApplicationSupportsIndirectInputEvents = YES;
				INFOPLIST_KEY_UILaunchStoryboardName = LaunchScreen;
				INFOPLIST_KEY_UISupportedInterfaceOrientations_iPad = "UIInterfaceOrientationPortrait UIInterfaceOrientationPortraitUpsideDown UIInterfaceOrientationLandscapeLeft UIInterfaceOrientationLandscapeRight";
				INFOPLIST_KEY_UISupportedInterfaceOrientations_iPhone = "UIInterfaceOrientationPortrait UIInterfaceOrientationLandscapeLeft UIInterfaceOrientationLandscapeRight";
				LD_RUNPATH_SEARCH_PATHS = (
					"$(inherited)",
					"@executable_path/Frameworks",
				);
				MARKETING_VERSION = 1.0;
				PRODUCT_BUNDLE_IDENTIFIER = begench.GHFollowers;
				PRODUCT_NAME = "$(TARGET_NAME)";
				SWIFT_EMIT_LOC_STRINGS = YES;
				SWIFT_VERSION = 5.0;
				TARGETED_DEVICE_FAMILY = "1,2";
			};
			name = Debug;
		};
		669EFA642DA9173600A5F622 /* Release */ = {
			isa = XCBuildConfiguration;
			buildSettings = {
				ASSETCATALOG_COMPILER_APPICON_NAME = AppIcon;
				ASSETCATALOG_COMPILER_GLOBAL_ACCENT_COLOR_NAME = AccentColor;
				CODE_SIGN_STYLE = Automatic;
				CURRENT_PROJECT_VERSION = 1;
				GENERATE_INFOPLIST_FILE = YES;
				INFOPLIST_FILE = GHFollowers/Info.plist;
				INFOPLIST_KEY_UIApplicationSupportsIndirectInputEvents = YES;
				INFOPLIST_KEY_UILaunchStoryboardName = LaunchScreen;
				INFOPLIST_KEY_UISupportedInterfaceOrientations_iPad = "UIInterfaceOrientationPortrait UIInterfaceOrientationPortraitUpsideDown UIInterfaceOrientationLandscapeLeft UIInterfaceOrientationLandscapeRight";
				INFOPLIST_KEY_UISupportedInterfaceOrientations_iPhone = "UIInterfaceOrientationPortrait UIInterfaceOrientationLandscapeLeft UIInterfaceOrientationLandscapeRight";
				LD_RUNPATH_SEARCH_PATHS = (
					"$(inherited)",
					"@executable_path/Frameworks",
				);
				MARKETING_VERSION = 1.0;
				PRODUCT_BUNDLE_IDENTIFIER = begench.GHFollowers;
				PRODUCT_NAME = "$(TARGET_NAME)";
				SWIFT_EMIT_LOC_STRINGS = YES;
				SWIFT_VERSION = 5.0;
				TARGETED_DEVICE_FAMILY = "1,2";
			};
			name = Release;
		};
		669EFA652DA9173600A5F622 /* Debug */ = {
			isa = XCBuildConfiguration;
			buildSettings = {
				ALWAYS_SEARCH_USER_PATHS = NO;
				ASSETCATALOG_COMPILER_GENERATE_SWIFT_ASSET_SYMBOL_EXTENSIONS = YES;
				CLANG_ANALYZER_NONNULL = YES;
				CLANG_ANALYZER_NUMBER_OBJECT_CONVERSION = YES_AGGRESSIVE;
				CLANG_CXX_LANGUAGE_STANDARD = "gnu++20";
				CLANG_ENABLE_MODULES = YES;
				CLANG_ENABLE_OBJC_ARC = YES;
				CLANG_ENABLE_OBJC_WEAK = YES;
				CLANG_WARN_BLOCK_CAPTURE_AUTORELEASING = YES;
				CLANG_WARN_BOOL_CONVERSION = YES;
				CLANG_WARN_COMMA = YES;
				CLANG_WARN_CONSTANT_CONVERSION = YES;
				CLANG_WARN_DEPRECATED_OBJC_IMPLEMENTATIONS = YES;
				CLANG_WARN_DIRECT_OBJC_ISA_USAGE = YES_ERROR;
				CLANG_WARN_DOCUMENTATION_COMMENTS = YES;
				CLANG_WARN_EMPTY_BODY = YES;
				CLANG_WARN_ENUM_CONVERSION = YES;
				CLANG_WARN_INFINITE_RECURSION = YES;
				CLANG_WARN_INT_CONVERSION = YES;
				CLANG_WARN_NON_LITERAL_NULL_CONVERSION = YES;
				CLANG_WARN_OBJC_IMPLICIT_RETAIN_SELF = YES;
				CLANG_WARN_OBJC_LITERAL_CONVERSION = YES;
				CLANG_WARN_OBJC_ROOT_CLASS = YES_ERROR;
				CLANG_WARN_QUOTED_INCLUDE_IN_FRAMEWORK_HEADER = YES;
				CLANG_WARN_RANGE_LOOP_ANALYSIS = YES;
				CLANG_WARN_STRICT_PROTOTYPES = YES;
				CLANG_WARN_SUSPICIOUS_MOVE = YES;
				CLANG_WARN_UNGUARDED_AVAILABILITY = YES_AGGRESSIVE;
				CLANG_WARN_UNREACHABLE_CODE = YES;
				CLANG_WARN__DUPLICATE_METHOD_MATCH = YES;
				COPY_PHASE_STRIP = NO;
				DEBUG_INFORMATION_FORMAT = dwarf;
				ENABLE_STRICT_OBJC_MSGSEND = YES;
				ENABLE_TESTABILITY = YES;
				ENABLE_USER_SCRIPT_SANDBOXING = YES;
				GCC_C_LANGUAGE_STANDARD = gnu17;
				GCC_DYNAMIC_NO_PIC = NO;
				GCC_NO_COMMON_BLOCKS = YES;
				GCC_OPTIMIZATION_LEVEL = 0;
				GCC_PREPROCESSOR_DEFINITIONS = (
					"DEBUG=1",
					"$(inherited)",
				);
				GCC_WARN_64_TO_32_BIT_CONVERSION = YES;
				GCC_WARN_ABOUT_RETURN_TYPE = YES_ERROR;
				GCC_WARN_UNDECLARED_SELECTOR = YES;
				GCC_WARN_UNINITIALIZED_AUTOS = YES_AGGRESSIVE;
				GCC_WARN_UNUSED_FUNCTION = YES;
				GCC_WARN_UNUSED_VARIABLE = YES;
				IPHONEOS_DEPLOYMENT_TARGET = 18.2;
				LOCALIZATION_PREFERS_STRING_CATALOGS = YES;
				MTL_ENABLE_DEBUG_INFO = INCLUDE_SOURCE;
				MTL_FAST_MATH = YES;
				ONLY_ACTIVE_ARCH = YES;
				SDKROOT = iphoneos;
				SWIFT_ACTIVE_COMPILATION_CONDITIONS = "DEBUG $(inherited)";
				SWIFT_OPTIMIZATION_LEVEL = "-Onone";
			};
			name = Debug;
		};
		669EFA662DA9173600A5F622 /* Release */ = {
			isa = XCBuildConfiguration;
			buildSettings = {
				ALWAYS_SEARCH_USER_PATHS = NO;
				ASSETCATALOG_COMPILER_GENERATE_SWIFT_ASSET_SYMBOL_EXTENSIONS = YES;
				CLANG_ANALYZER_NONNULL = YES;
				CLANG_ANALYZER_NUMBER_OBJECT_CONVERSION = YES_AGGRESSIVE;
				CLANG_CXX_LANGUAGE_STANDARD = "gnu++20";
				CLANG_ENABLE_MODULES = YES;
				CLANG_ENABLE_OBJC_ARC = YES;
				CLANG_ENABLE_OBJC_WEAK = YES;
				CLANG_WARN_BLOCK_CAPTURE_AUTORELEASING = YES;
				CLANG_WARN_BOOL_CONVERSION = YES;
				CLANG_WARN_COMMA = YES;
				CLANG_WARN_CONSTANT_CONVERSION = YES;
				CLANG_WARN_DEPRECATED_OBJC_IMPLEMENTATIONS = YES;
				CLANG_WARN_DIRECT_OBJC_ISA_USAGE = YES_ERROR;
				CLANG_WARN_DOCUMENTATION_COMMENTS = YES;
				CLANG_WARN_EMPTY_BODY = YES;
				CLANG_WARN_ENUM_CONVERSION = YES;
				CLANG_WARN_INFINITE_RECURSION = YES;
				CLANG_WARN_INT_CONVERSION = YES;
				CLANG_WARN_NON_LITERAL_NULL_CONVERSION = YES;
				CLANG_WARN_OBJC_IMPLICIT_RETAIN_SELF = YES;
				CLANG_WARN_OBJC_LITERAL_CONVERSION = YES;
				CLANG_WARN_OBJC_ROOT_CLASS = YES_ERROR;
				CLANG_WARN_QUOTED_INCLUDE_IN_FRAMEWORK_HEADER = YES;
				CLANG_WARN_RANGE_LOOP_ANALYSIS = YES;
				CLANG_WARN_STRICT_PROTOTYPES = YES;
				CLANG_WARN_SUSPICIOUS_MOVE = YES;
				CLANG_WARN_UNGUARDED_AVAILABILITY = YES_AGGRESSIVE;
				CLANG_WARN_UNREACHABLE_CODE = YES;
				CLANG_WARN__DUPLICATE_METHOD_MATCH = YES;
				COPY_PHASE_STRIP = NO;
				DEBUG_INFORMATION_FORMAT = "dwarf-with-dsym";
				ENABLE_NS_ASSERTIONS = NO;
				ENABLE_STRICT_OBJC_MSGSEND = YES;
				ENABLE_USER_SCRIPT_SANDBOXING = YES;
				GCC_C_LANGUAGE_STANDARD = gnu17;
				GCC_NO_COMMON_BLOCKS = YES;
				GCC_WARN_64_TO_32_BIT_CONVERSION = YES;
				GCC_WARN_ABOUT_RETURN_TYPE = YES_ERROR;
				GCC_WARN_UNDECLARED_SELECTOR = YES;
				GCC_WARN_UNINITIALIZED_AUTOS = YES_AGGRESSIVE;
				GCC_WARN_UNUSED_FUNCTION = YES;
				GCC_WARN_UNUSED_VARIABLE = YES;
				IPHONEOS_DEPLOYMENT_TARGET = 18.2;
				LOCALIZATION_PREFERS_STRING_CATALOGS = YES;
				MTL_ENABLE_DEBUG_INFO = NO;
				MTL_FAST_MATH = YES;
				SDKROOT = iphoneos;
				SWIFT_COMPILATION_MODE = wholemodule;
				VALIDATE_PRODUCT = YES;
			};
			name = Release;
		};
/* End XCBuildConfiguration section */

/* Begin XCConfigurationList section */
		669EFA4A2DA9173400A5F622 /* Build configuration list for PBXProject "GHFollowers" */ = {
			isa = XCConfigurationList;
			buildConfigurations = (
				669EFA652DA9173600A5F622 /* Debug */,
				669EFA662DA9173600A5F622 /* Release */,
			);
			defaultConfigurationIsVisible = 0;
			defaultConfigurationName = Release;
		};
		669EFA622DA9173600A5F622 /* Build configuration list for PBXNativeTarget "GHFollowers" */ = {
			isa = XCConfigurationList;
			buildConfigurations = (
				669EFA632DA9173600A5F622 /* Debug */,
				669EFA642DA9173600A5F622 /* Release */,
			);
			defaultConfigurationIsVisible = 0;
			defaultConfigurationName = Release;
		};
/* End XCConfigurationList section */
	};
	rootObject = 669EFA472DA9173400A5F622 /* Project object */;
}
